
Microsoft Visual Studio Solution File, Format Version 12.00
# Visual Studio Version 17
VisualStudioVersion = 17.1.32421.90
MinimumVisualStudioVersion = 10.0.40219.1
Project("{9A19103F-16F7-4668-BE54-9A1E7A4F7556}") = "LearnDataGird", "LearnDataGird\LearnDataGird.csproj", "{89628F65-EA7B-4DD3-BC89-73D62C539E70}"
EndProject
Project("{9A19103F-16F7-4668-BE54-9A1E7A4F7556}") = "DbAccess", "DbContext\DbAccess.csproj", "{4A86F9B6-133E-4FF7-95C1-2644DDBFA103}"
EndProject
Global
	GlobalSection(SolutionConfigurationPlatforms) = preSolution
		Debug|Any CPU = Debug|Any CPU
		Release|Any CPU = Release|Any CPU
	EndGlobalSection
	GlobalSection(ProjectConfigurationPlatforms) = postSolution
		{89628F65-EA7B-4DD3-BC89-73D62C539E70}.Debug|Any CPU.ActiveCfg = Debug|Any CPU
		{89628F65-EA7B-4DD3-BC89-73D62C539E70}.Debug|Any CPU.Build.0 = Debug|Any CPU
		{89628F65-EA7B-4DD3-BC89-73D62C539E70}.Release|Any CPU.ActiveCfg = Release|Any CPU
		{89628F65-EA7B-4DD3-BC89-73D62C539E70}.Release|Any CPU.Build.0 = Release|Any CPU
		{4A86F9B6-133E-4FF7-95C1-2644DDBFA103}.Debug|Any CPU.ActiveCfg = Debug|Any CPU
		{4A86F9B6-133E-4FF7-95C1-2644DDBFA103}.Debug|Any CPU.Build.0 = Debug|Any CPU
		{4A86F9B6-133E-4FF7-95C1-2644DDBFA103}.Release|Any CPU.ActiveCfg = Release|Any CPU
		{4A86F9B6-133E-4FF7-95C1-2644DDBFA103}.Release|Any CPU.Build.0 = Release|Any CPU
	EndGlobalSection
	GlobalSection(SolutionProperties) = preSolution
		HideSolutionNode = FALSE
	EndGlobalSection
	GlobalSection(ExtensibilityGlobals) = postSolution
		SolutionGuid = {08FBF2AD-1F47-4D94-9B52-3ADD21ADBF17}
	EndGlobalSection
EndGlobal
